// !$*UTF8*$!
{
	archiveVersion = 1;
	classes = {
	};
	objectVersion = 50;
	objects = {

/* Begin PBXBuildFile section */
		A7071B892311C6D200982161 /* LoginViewController.swift in Sources */ = {isa = PBXBuildFile; fileRef = A7071B882311C6D200982161 /* LoginViewController.swift */; };
		A70991F02303BD3600AE3ACA /* MainTabBarController.swift in Sources */ = {isa = PBXBuildFile; fileRef = A70991EF2303BD3600AE3ACA /* MainTabBarController.swift */; };
		A70991F52303BF3A00AE3ACA /* MainViewController.swift in Sources */ = {isa = PBXBuildFile; fileRef = A70991F42303BF3A00AE3ACA /* MainViewController.swift */; };
		A70991FC2303C1DA00AE3ACA /* NanumSquareOTFBold.otf in Resources */ = {isa = PBXBuildFile; fileRef = A70991F82303C1D200AE3ACA /* NanumSquareOTFBold.otf */; };
		A70991FD2303C1DA00AE3ACA /* NanumSquareOTFExtraBold.otf in Resources */ = {isa = PBXBuildFile; fileRef = A70991F92303C1D200AE3ACA /* NanumSquareOTFExtraBold.otf */; };
		A70991FE2303C1DA00AE3ACA /* NanumSquareOTFLight.otf in Resources */ = {isa = PBXBuildFile; fileRef = A70991FB2303C1D200AE3ACA /* NanumSquareOTFLight.otf */; };
		A70991FF2303C1DA00AE3ACA /* NanumSquareOTFRight.otf in Resources */ = {isa = PBXBuildFile; fileRef = A70991FA2303C1D200AE3ACA /* NanumSquareOTFRight.otf */; };
		A70992012303DF0F00AE3ACA /* SeoulMapView.swift in Sources */ = {isa = PBXBuildFile; fileRef = A70992002303DF0F00AE3ACA /* SeoulMapView.swift */; };
		A70992032303E26500AE3ACA /* CustomNavigationBar.swift in Sources */ = {isa = PBXBuildFile; fileRef = A70992022303E26500AE3ACA /* CustomNavigationBar.swift */; };
		A70992052303F85600AE3ACA /* DistrictCoordinate.swift in Sources */ = {isa = PBXBuildFile; fileRef = A70992042303F85600AE3ACA /* DistrictCoordinate.swift */; };
		A70992072303FC5000AE3ACA /* DistrictView.swift in Sources */ = {isa = PBXBuildFile; fileRef = A70992062303FC5000AE3ACA /* DistrictView.swift */; };
		A709920A2303FE2100AE3ACA /* DistrictInfoService.swift in Sources */ = {isa = PBXBuildFile; fileRef = A70992092303FE2100AE3ACA /* DistrictInfoService.swift */; };
		A709920C23053DAA00AE3ACA /* DistrictViewDelegate.swift in Sources */ = {isa = PBXBuildFile; fileRef = A709920B23053DAA00AE3ACA /* DistrictViewDelegate.swift */; };
		A709920E2305514A00AE3ACA /* MainViewController+DistrictViewDelegate.swift in Sources */ = {isa = PBXBuildFile; fileRef = A709920D2305514A00AE3ACA /* MainViewController+DistrictViewDelegate.swift */; };
		A709921223056D6000AE3ACA /* NibLodable.swift in Sources */ = {isa = PBXBuildFile; fileRef = A709921123056D6000AE3ACA /* NibLodable.swift */; };
		A709921423056D9400AE3ACA /* UIStoryBoard+Extension.swift in Sources */ = {isa = PBXBuildFile; fileRef = A709921323056D9400AE3ACA /* UIStoryBoard+Extension.swift */; };
		A7099217230570E600AE3ACA /* RegisterRunning.storyboard in Resources */ = {isa = PBXBuildFile; fileRef = A7099216230570E600AE3ACA /* RegisterRunning.storyboard */; };
		A70992212305743300AE3ACA /* CloseButton.swift in Sources */ = {isa = PBXBuildFile; fileRef = A70992202305743300AE3ACA /* CloseButton.swift */; };
		A7099223230576C100AE3ACA /* RunningInDistrictViewController.swift in Sources */ = {isa = PBXBuildFile; fileRef = A7099222230576C100AE3ACA /* RunningInDistrictViewController.swift */; };
		A70992272307105600AE3ACA /* ModalViewController.swift in Sources */ = {isa = PBXBuildFile; fileRef = A70992262307105600AE3ACA /* ModalViewController.swift */; };
		A70992292307114900AE3ACA /* ModalFirstViewable.swift in Sources */ = {isa = PBXBuildFile; fileRef = A70992282307114900AE3ACA /* ModalFirstViewable.swift */; };
		A709922B2307122F00AE3ACA /* UIViewController+Extension.swift in Sources */ = {isa = PBXBuildFile; fileRef = A709922A2307122F00AE3ACA /* UIViewController+Extension.swift */; };
		A709922D2307284400AE3ACA /* CustomNavigationBarDelegate.swift in Sources */ = {isa = PBXBuildFile; fileRef = A709922C2307284400AE3ACA /* CustomNavigationBarDelegate.swift */; };
		A70C2A192311611C002006A3 /* UmchanCreateButtom.swift in Sources */ = {isa = PBXBuildFile; fileRef = A70C2A182311611C002006A3 /* UmchanCreateButtom.swift */; };
		A70C2A1B2311640A002006A3 /* CreateCrewViewController.swift in Sources */ = {isa = PBXBuildFile; fileRef = A70C2A1A2311640A002006A3 /* CreateCrewViewController.swift */; };
		A70C2A1D23116432002006A3 /* CreateCrew.storyboard in Resources */ = {isa = PBXBuildFile; fileRef = A70C2A1C23116432002006A3 /* CreateCrew.storyboard */; };
		A70C2A1F231171CE002006A3 /* CrewInfoViewController.swift in Sources */ = {isa = PBXBuildFile; fileRef = A70C2A1E231171CE002006A3 /* CrewInfoViewController.swift */; };
		A70C2A21231174A9002006A3 /* CrewInfo.storyboard in Resources */ = {isa = PBXBuildFile; fileRef = A70C2A20231174A9002006A3 /* CrewInfo.storyboard */; };
		A70C2A25231189E0002006A3 /* UserView.swift in Sources */ = {isa = PBXBuildFile; fileRef = A70C2A24231189E0002006A3 /* UserView.swift */; };
		A70C2A27231189EA002006A3 /* UserView.xib in Resources */ = {isa = PBXBuildFile; fileRef = A70C2A26231189EA002006A3 /* UserView.xib */; };
		A70C2A2923119050002006A3 /* User.swift in Sources */ = {isa = PBXBuildFile; fileRef = A70C2A2823119050002006A3 /* User.swift */; };
		A70C2A2F23119C7D002006A3 /* RunningViewController.swift in Sources */ = {isa = PBXBuildFile; fileRef = A70C2A2D23119C7D002006A3 /* RunningViewController.swift */; };
		A70C2A3223119D8C002006A3 /* Running.storyboard in Resources */ = {isa = PBXBuildFile; fileRef = A70C2A3123119D8C002006A3 /* Running.storyboard */; };
		A70C2A342311A7FF002006A3 /* RunningHistory.storyboard in Resources */ = {isa = PBXBuildFile; fileRef = A70C2A332311A7FF002006A3 /* RunningHistory.storyboard */; };
		A70C2A362311A824002006A3 /* RunningHistoryViewController.swift in Sources */ = {isa = PBXBuildFile; fileRef = A70C2A352311A824002006A3 /* RunningHistoryViewController.swift */; };
		A70C2A392311ACDE002006A3 /* Profile.storyboard in Resources */ = {isa = PBXBuildFile; fileRef = A70C2A382311ACDE002006A3 /* Profile.storyboard */; };
		A70C2A3B2311B0F8002006A3 /* ProfileViewController.swift in Sources */ = {isa = PBXBuildFile; fileRef = A70C2A3A2311B0F8002006A3 /* ProfileViewController.swift */; };
		A70C2A3D2311B363002006A3 /* ModifyProfileViewController.swift in Sources */ = {isa = PBXBuildFile; fileRef = A70C2A3C2311B363002006A3 /* ModifyProfileViewController.swift */; };
		A70C2A402311C036002006A3 /* LoginAndSignup.storyboard in Resources */ = {isa = PBXBuildFile; fileRef = A70C2A3F2311C036002006A3 /* LoginAndSignup.storyboard */; };
		A7168B6A231006AA00500621 /* DateView+DatePickerPresentable.swift in Sources */ = {isa = PBXBuildFile; fileRef = A7168B69231006AA00500621 /* DateView+DatePickerPresentable.swift */; };
		A7168B6C23100C8400500621 /* DateFormatter+Extension.swift in Sources */ = {isa = PBXBuildFile; fileRef = A7168B6B23100C8400500621 /* DateFormatter+Extension.swift */; };
		A7168B712310111900500621 /* RunningHistoryListViewController.swift in Sources */ = {isa = PBXBuildFile; fileRef = A7168B702310111900500621 /* RunningHistoryListViewController.swift */; };
		A7168B7823103E4300500621 /* RunningHistoryListTableViewCell.swift in Sources */ = {isa = PBXBuildFile; fileRef = A7168B7623103E4300500621 /* RunningHistoryListTableViewCell.swift */; };
		A7168B7923103E4300500621 /* RunningHistoryListTableViewCell.xib in Resources */ = {isa = PBXBuildFile; fileRef = A7168B7723103E4300500621 /* RunningHistoryListTableViewCell.xib */; };
		A7168B7C2310436500500621 /* MyCrewsViewController.swift in Sources */ = {isa = PBXBuildFile; fileRef = A7168B7B2310436500500621 /* MyCrewsViewController.swift */; };
		A7168B8023104F8D00500621 /* ScrollableStackView.swift in Sources */ = {isa = PBXBuildFile; fileRef = A7168B7F23104F8D00500621 /* ScrollableStackView.swift */; };
		A7168B832310645500500621 /* SearchViewController.swift in Sources */ = {isa = PBXBuildFile; fileRef = A7168B822310645500500621 /* SearchViewController.swift */; };
		A7168B862310648300500621 /* CustomSearchBar.swift in Sources */ = {isa = PBXBuildFile; fileRef = A7168B852310648300500621 /* CustomSearchBar.swift */; };
		A7168B8A231069E200500621 /* CALayer+Extension.swift in Sources */ = {isa = PBXBuildFile; fileRef = A7168B89231069E200500621 /* CALayer+Extension.swift */; };
		A7168B8C2310775400500621 /* CustomSearchBarDelegate.swift in Sources */ = {isa = PBXBuildFile; fileRef = A7168B8B2310775400500621 /* CustomSearchBarDelegate.swift */; };
		A7168B8E2310789A00500621 /* SearchViewController+CustomSearchBarDelegate.swift in Sources */ = {isa = PBXBuildFile; fileRef = A7168B8D2310789A00500621 /* SearchViewController+CustomSearchBarDelegate.swift */; };
		A7168B91231079FB00500621 /* SearchCrewViewController.swift in Sources */ = {isa = PBXBuildFile; fileRef = A7168B90231079FB00500621 /* SearchCrewViewController.swift */; };
		A7168B9323107A0C00500621 /* SearchRunningViewController.swift in Sources */ = {isa = PBXBuildFile; fileRef = A7168B9223107A0C00500621 /* SearchRunningViewController.swift */; };
		A71B94B4231AA19F00BCD3E7 /* MapViewDelegate.swift in Sources */ = {isa = PBXBuildFile; fileRef = A71B94B3231AA19F00BCD3E7 /* MapViewDelegate.swift */; };
		A71B94B6231AA25300BCD3E7 /* MapViewController+MapViewDelegate.swift in Sources */ = {isa = PBXBuildFile; fileRef = A71B94B5231AA25300BCD3E7 /* MapViewController+MapViewDelegate.swift */; };
		A71B94B8231AAA5700BCD3E7 /* RunningPoint.swift in Sources */ = {isa = PBXBuildFile; fileRef = A71B94B7231AAA5700BCD3E7 /* RunningPoint.swift */; };
		A71B94BA231B8E4800BCD3E7 /* MapView+MKMapViewDelegate.swift in Sources */ = {isa = PBXBuildFile; fileRef = A71B94B9231B8E4800BCD3E7 /* MapView+MKMapViewDelegate.swift */; };
		A71B94BC231B8FD800BCD3E7 /* RunningPointAnnotationView.swift in Sources */ = {isa = PBXBuildFile; fileRef = A71B94BB231B8FD800BCD3E7 /* RunningPointAnnotationView.swift */; };
		A71EC1DE230FB91F00275EA8 /* Date+Extension.swift in Sources */ = {isa = PBXBuildFile; fileRef = A71EC1DD230FB91F00275EA8 /* Date+Extension.swift */; };
		A71EC1E0230FBD0A00275EA8 /* Crew.swift in Sources */ = {isa = PBXBuildFile; fileRef = A71EC1DF230FBD0A00275EA8 /* Crew.swift */; };
		A71EC1E4230FC0D600275EA8 /* CrewView.swift in Sources */ = {isa = PBXBuildFile; fileRef = A71EC1E3230FC0D600275EA8 /* CrewView.swift */; };
		A71EC1E8230FC6B000275EA8 /* UIStackView+Extension.swift in Sources */ = {isa = PBXBuildFile; fileRef = A71EC1E7230FC6B000275EA8 /* UIStackView+Extension.swift */; };
		A71EC1EA230FCAAC00275EA8 /* UIView+Extension.swift in Sources */ = {isa = PBXBuildFile; fileRef = A71EC1E9230FCAAC00275EA8 /* UIView+Extension.swift */; };
		A71EC1EC230FCBCA00275EA8 /* UIFont+Extension.swift in Sources */ = {isa = PBXBuildFile; fileRef = A71EC1EB230FCBCA00275EA8 /* UIFont+Extension.swift */; };
		A71EC1EE230FD22C00275EA8 /* PaddingLabel.swift in Sources */ = {isa = PBXBuildFile; fileRef = A71EC1ED230FD22C00275EA8 /* PaddingLabel.swift */; };
		A71EC1F1230FDAFF00275EA8 /* WriteTableViewCell.swift in Sources */ = {isa = PBXBuildFile; fileRef = A71EC1EF230FDAFF00275EA8 /* WriteTableViewCell.swift */; };
		A71EC1F6230FF23400275EA8 /* RoundedButton.swift in Sources */ = {isa = PBXBuildFile; fileRef = A71EC1F5230FF23400275EA8 /* RoundedButton.swift */; };
		A71EC1F9230FF45C00275EA8 /* DatePickerViewController.swift in Sources */ = {isa = PBXBuildFile; fileRef = A71EC1F7230FF45C00275EA8 /* DatePickerViewController.swift */; };
		A71EC1FA230FF45C00275EA8 /* DatePickerViewController.xib in Resources */ = {isa = PBXBuildFile; fileRef = A71EC1F8230FF45C00275EA8 /* DatePickerViewController.xib */; };
		A71EC1FC230FF77100275EA8 /* DateView.swift in Sources */ = {isa = PBXBuildFile; fileRef = A71EC1FB230FF77100275EA8 /* DateView.swift */; };
		A71EC1FF230FF86C00275EA8 /* DateViewDelegate.swift in Sources */ = {isa = PBXBuildFile; fileRef = A71EC1FE230FF86C00275EA8 /* DateViewDelegate.swift */; };
		A71EC201230FF8CC00275EA8 /* RegisterRunningViewController+DateViewDelegate.swift in Sources */ = {isa = PBXBuildFile; fileRef = A71EC200230FF8CC00275EA8 /* RegisterRunningViewController+DateViewDelegate.swift */; };
		A71EC203231003E100275EA8 /* DatePickerPresentable.swift in Sources */ = {isa = PBXBuildFile; fileRef = A71EC202231003E100275EA8 /* DatePickerPresentable.swift */; };
		A72F015D2311CEAA0044A285 /* SignUpViewController.swift in Sources */ = {isa = PBXBuildFile; fileRef = A72F015C2311CEAA0044A285 /* SignUpViewController.swift */; };
		A72F016023127C5A0044A285 /* MapViewController.swift in Sources */ = {isa = PBXBuildFile; fileRef = A72F015F23127C5A0044A285 /* MapViewController.swift */; };
		A72F016223127F3C0044A285 /* Map.storyboard in Resources */ = {isa = PBXBuildFile; fileRef = A72F016123127F3C0044A285 /* Map.storyboard */; };
		A72F0166231439840044A285 /* MapView.swift in Sources */ = {isa = PBXBuildFile; fileRef = A72F0165231439840044A285 /* MapView.swift */; };
		A72F0168231448E90044A285 /* AnnotationButton.swift in Sources */ = {isa = PBXBuildFile; fileRef = A72F0167231448E90044A285 /* AnnotationButton.swift */; };
		A72F016A231449CC0044A285 /* AnnotationButtonDelegate.swift in Sources */ = {isa = PBXBuildFile; fileRef = A72F0169231449CC0044A285 /* AnnotationButtonDelegate.swift */; };
		A742E39B22F88ADF002E333C /* AppDelegate.swift in Sources */ = {isa = PBXBuildFile; fileRef = A742E39A22F88ADF002E333C /* AppDelegate.swift */; };
		A742E3A022F88ADF002E333C /* Main.storyboard in Resources */ = {isa = PBXBuildFile; fileRef = A742E39E22F88ADF002E333C /* Main.storyboard */; };
		A742E3A222F88AE1002E333C /* Assets.xcassets in Resources */ = {isa = PBXBuildFile; fileRef = A742E3A122F88AE1002E333C /* Assets.xcassets */; };
		A742E3A522F88AE1002E333C /* LaunchScreen.storyboard in Resources */ = {isa = PBXBuildFile; fileRef = A742E3A322F88AE1002E333C /* LaunchScreen.storyboard */; };
		A7528B9E2302BBC000A6BEC0 /* Constants.swift in Sources */ = {isa = PBXBuildFile; fileRef = A7528B9D2302BBC000A6BEC0 /* Constants.swift */; };
		A752FF43232BAB610012D31D /* AuthService.swift in Sources */ = {isa = PBXBuildFile; fileRef = A752FF42232BAB610012D31D /* AuthService.swift */; };
		A752FF46232BB2A50012D31D /* Error.swift in Sources */ = {isa = PBXBuildFile; fileRef = A752FF45232BB2A50012D31D /* Error.swift */; };
		A752FF48232BB7DC0012D31D /* UserDataService.swift in Sources */ = {isa = PBXBuildFile; fileRef = A752FF47232BB7DC0012D31D /* UserDataService.swift */; };
		A76A70F7230D8E9F00B5EA81 /* RegisterRunningViewController.swift in Sources */ = {isa = PBXBuildFile; fileRef = A76A70F6230D8E9F00B5EA81 /* RegisterRunningViewController.swift */; };
		A76A70FC230E923E00B5EA81 /* RunningTableViewCell.swift in Sources */ = {isa = PBXBuildFile; fileRef = A76A70FA230E923E00B5EA81 /* RunningTableViewCell.swift */; };
		A76A70FD230E923E00B5EA81 /* RunningTableViewCell.xib in Resources */ = {isa = PBXBuildFile; fileRef = A76A70FB230E923E00B5EA81 /* RunningTableViewCell.xib */; };
		A76A70FF230E9FB700B5EA81 /* Running.swift in Sources */ = {isa = PBXBuildFile; fileRef = A76A70FE230E9FB700B5EA81 /* Running.swift */; };
		A76A7102230EA13200B5EA81 /* EmptyTableViewCell.swift in Sources */ = {isa = PBXBuildFile; fileRef = A76A7100230EA13200B5EA81 /* EmptyTableViewCell.swift */; };
		A76A7103230EA13200B5EA81 /* EmptyTableViewCell.xib in Resources */ = {isa = PBXBuildFile; fileRef = A76A7101230EA13200B5EA81 /* EmptyTableViewCell.xib */; };
		A787546D232B89F1004EA9E4 /* Keychain.swift in Sources */ = {isa = PBXBuildFile; fileRef = A787546C232B89F1004EA9E4 /* Keychain.swift */; };
		A797A4572323E88500FD2CD5 /* MapView+CalculateRunningCourseDelegate.swift in Sources */ = {isa = PBXBuildFile; fileRef = A797A4562323E88500FD2CD5 /* MapView+CalculateRunningCourseDelegate.swift */; };
		A797A4592323FD5100FD2CD5 /* RegisterRunningViewController+MKMapViewDelegate.swift in Sources */ = {isa = PBXBuildFile; fileRef = A797A4582323FD5100FD2CD5 /* RegisterRunningViewController+MKMapViewDelegate.swift */; };
/* End PBXBuildFile section */

/* Begin PBXFileReference section */
		A7071B882311C6D200982161 /* LoginViewController.swift */ = {isa = PBXFileReference; lastKnownFileType = sourcecode.swift; path = LoginViewController.swift; sourceTree = "<group>"; };
		A70991EF2303BD3600AE3ACA /* MainTabBarController.swift */ = {isa = PBXFileReference; lastKnownFileType = sourcecode.swift; path = MainTabBarController.swift; sourceTree = "<group>"; };
		A70991F42303BF3A00AE3ACA /* MainViewController.swift */ = {isa = PBXFileReference; lastKnownFileType = sourcecode.swift; path = MainViewController.swift; sourceTree = "<group>"; };
		A70991F82303C1D200AE3ACA /* NanumSquareOTFBold.otf */ = {isa = PBXFileReference; lastKnownFileType = file; path = NanumSquareOTFBold.otf; sourceTree = "<group>"; };
		A70991F92303C1D200AE3ACA /* NanumSquareOTFExtraBold.otf */ = {isa = PBXFileReference; lastKnownFileType = file; path = NanumSquareOTFExtraBold.otf; sourceTree = "<group>"; };
		A70991FA2303C1D200AE3ACA /* NanumSquareOTFRight.otf */ = {isa = PBXFileReference; lastKnownFileType = file; path = NanumSquareOTFRight.otf; sourceTree = "<group>"; };
		A70991FB2303C1D200AE3ACA /* NanumSquareOTFLight.otf */ = {isa = PBXFileReference; lastKnownFileType = file; path = NanumSquareOTFLight.otf; sourceTree = "<group>"; };
		A70992002303DF0F00AE3ACA /* SeoulMapView.swift */ = {isa = PBXFileReference; lastKnownFileType = sourcecode.swift; path = SeoulMapView.swift; sourceTree = "<group>"; };
		A70992022303E26500AE3ACA /* CustomNavigationBar.swift */ = {isa = PBXFileReference; lastKnownFileType = sourcecode.swift; path = CustomNavigationBar.swift; sourceTree = "<group>"; };
		A70992042303F85600AE3ACA /* DistrictCoordinate.swift */ = {isa = PBXFileReference; lastKnownFileType = sourcecode.swift; path = DistrictCoordinate.swift; sourceTree = "<group>"; };
		A70992062303FC5000AE3ACA /* DistrictView.swift */ = {isa = PBXFileReference; lastKnownFileType = sourcecode.swift; path = DistrictView.swift; sourceTree = "<group>"; };
		A70992092303FE2100AE3ACA /* DistrictInfoService.swift */ = {isa = PBXFileReference; lastKnownFileType = sourcecode.swift; path = DistrictInfoService.swift; sourceTree = "<group>"; };
		A709920B23053DAA00AE3ACA /* DistrictViewDelegate.swift */ = {isa = PBXFileReference; lastKnownFileType = sourcecode.swift; path = DistrictViewDelegate.swift; sourceTree = "<group>"; };
		A709920D2305514A00AE3ACA /* MainViewController+DistrictViewDelegate.swift */ = {isa = PBXFileReference; lastKnownFileType = sourcecode.swift; path = "MainViewController+DistrictViewDelegate.swift"; sourceTree = "<group>"; };
		A709921123056D6000AE3ACA /* NibLodable.swift */ = {isa = PBXFileReference; lastKnownFileType = sourcecode.swift; path = NibLodable.swift; sourceTree = "<group>"; };
		A709921323056D9400AE3ACA /* UIStoryBoard+Extension.swift */ = {isa = PBXFileReference; lastKnownFileType = sourcecode.swift; path = "UIStoryBoard+Extension.swift"; sourceTree = "<group>"; };
		A7099216230570E600AE3ACA /* RegisterRunning.storyboard */ = {isa = PBXFileReference; lastKnownFileType = file.storyboard; path = RegisterRunning.storyboard; sourceTree = "<group>"; };
		A70992202305743300AE3ACA /* CloseButton.swift */ = {isa = PBXFileReference; lastKnownFileType = sourcecode.swift; path = CloseButton.swift; sourceTree = "<group>"; };
		A7099222230576C100AE3ACA /* RunningInDistrictViewController.swift */ = {isa = PBXFileReference; lastKnownFileType = sourcecode.swift; path = RunningInDistrictViewController.swift; sourceTree = "<group>"; };
		A70992262307105600AE3ACA /* ModalViewController.swift */ = {isa = PBXFileReference; lastKnownFileType = sourcecode.swift; path = ModalViewController.swift; sourceTree = "<group>"; };
		A70992282307114900AE3ACA /* ModalFirstViewable.swift */ = {isa = PBXFileReference; lastKnownFileType = sourcecode.swift; path = ModalFirstViewable.swift; sourceTree = "<group>"; };
		A709922A2307122F00AE3ACA /* UIViewController+Extension.swift */ = {isa = PBXFileReference; lastKnownFileType = sourcecode.swift; path = "UIViewController+Extension.swift"; sourceTree = "<group>"; };
		A709922C2307284400AE3ACA /* CustomNavigationBarDelegate.swift */ = {isa = PBXFileReference; lastKnownFileType = sourcecode.swift; path = CustomNavigationBarDelegate.swift; sourceTree = "<group>"; };
		A70C2A182311611C002006A3 /* UmchanCreateButtom.swift */ = {isa = PBXFileReference; lastKnownFileType = sourcecode.swift; path = UmchanCreateButtom.swift; sourceTree = "<group>"; };
		A70C2A1A2311640A002006A3 /* CreateCrewViewController.swift */ = {isa = PBXFileReference; lastKnownFileType = sourcecode.swift; path = CreateCrewViewController.swift; sourceTree = "<group>"; };
		A70C2A1C23116432002006A3 /* CreateCrew.storyboard */ = {isa = PBXFileReference; lastKnownFileType = file.storyboard; path = CreateCrew.storyboard; sourceTree = "<group>"; };
		A70C2A1E231171CE002006A3 /* CrewInfoViewController.swift */ = {isa = PBXFileReference; lastKnownFileType = sourcecode.swift; path = CrewInfoViewController.swift; sourceTree = "<group>"; };
		A70C2A20231174A9002006A3 /* CrewInfo.storyboard */ = {isa = PBXFileReference; lastKnownFileType = file.storyboard; path = CrewInfo.storyboard; sourceTree = "<group>"; };
		A70C2A24231189E0002006A3 /* UserView.swift */ = {isa = PBXFileReference; lastKnownFileType = sourcecode.swift; path = UserView.swift; sourceTree = "<group>"; };
		A70C2A26231189EA002006A3 /* UserView.xib */ = {isa = PBXFileReference; lastKnownFileType = file.xib; path = UserView.xib; sourceTree = "<group>"; };
		A70C2A2823119050002006A3 /* User.swift */ = {isa = PBXFileReference; lastKnownFileType = sourcecode.swift; path = User.swift; sourceTree = "<group>"; };
		A70C2A2D23119C7D002006A3 /* RunningViewController.swift */ = {isa = PBXFileReference; lastKnownFileType = sourcecode.swift; path = RunningViewController.swift; sourceTree = "<group>"; };
		A70C2A3123119D8C002006A3 /* Running.storyboard */ = {isa = PBXFileReference; lastKnownFileType = file.storyboard; path = Running.storyboard; sourceTree = "<group>"; };
		A70C2A332311A7FF002006A3 /* RunningHistory.storyboard */ = {isa = PBXFileReference; lastKnownFileType = file.storyboard; path = RunningHistory.storyboard; sourceTree = "<group>"; };
		A70C2A352311A824002006A3 /* RunningHistoryViewController.swift */ = {isa = PBXFileReference; lastKnownFileType = sourcecode.swift; path = RunningHistoryViewController.swift; sourceTree = "<group>"; };
		A70C2A382311ACDE002006A3 /* Profile.storyboard */ = {isa = PBXFileReference; lastKnownFileType = file.storyboard; path = Profile.storyboard; sourceTree = "<group>"; };
		A70C2A3A2311B0F8002006A3 /* ProfileViewController.swift */ = {isa = PBXFileReference; lastKnownFileType = sourcecode.swift; path = ProfileViewController.swift; sourceTree = "<group>"; };
		A70C2A3C2311B363002006A3 /* ModifyProfileViewController.swift */ = {isa = PBXFileReference; lastKnownFileType = sourcecode.swift; path = ModifyProfileViewController.swift; sourceTree = "<group>"; };
		A70C2A3F2311C036002006A3 /* LoginAndSignup.storyboard */ = {isa = PBXFileReference; lastKnownFileType = file.storyboard; path = LoginAndSignup.storyboard; sourceTree = "<group>"; };
		A7168B69231006AA00500621 /* DateView+DatePickerPresentable.swift */ = {isa = PBXFileReference; lastKnownFileType = sourcecode.swift; path = "DateView+DatePickerPresentable.swift"; sourceTree = "<group>"; };
		A7168B6B23100C8400500621 /* DateFormatter+Extension.swift */ = {isa = PBXFileReference; lastKnownFileType = sourcecode.swift; path = "DateFormatter+Extension.swift"; sourceTree = "<group>"; };
		A7168B702310111900500621 /* RunningHistoryListViewController.swift */ = {isa = PBXFileReference; lastKnownFileType = sourcecode.swift; path = RunningHistoryListViewController.swift; sourceTree = "<group>"; };
		A7168B7623103E4300500621 /* RunningHistoryListTableViewCell.swift */ = {isa = PBXFileReference; lastKnownFileType = sourcecode.swift; path = RunningHistoryListTableViewCell.swift; sourceTree = "<group>"; };
		A7168B7723103E4300500621 /* RunningHistoryListTableViewCell.xib */ = {isa = PBXFileReference; lastKnownFileType = file.xib; path = RunningHistoryListTableViewCell.xib; sourceTree = "<group>"; };
		A7168B7B2310436500500621 /* MyCrewsViewController.swift */ = {isa = PBXFileReference; lastKnownFileType = sourcecode.swift; path = MyCrewsViewController.swift; sourceTree = "<group>"; };
		A7168B7F23104F8D00500621 /* ScrollableStackView.swift */ = {isa = PBXFileReference; lastKnownFileType = sourcecode.swift; path = ScrollableStackView.swift; sourceTree = "<group>"; };
		A7168B822310645500500621 /* SearchViewController.swift */ = {isa = PBXFileReference; lastKnownFileType = sourcecode.swift; path = SearchViewController.swift; sourceTree = "<group>"; };
		A7168B852310648300500621 /* CustomSearchBar.swift */ = {isa = PBXFileReference; lastKnownFileType = sourcecode.swift; path = CustomSearchBar.swift; sourceTree = "<group>"; };
		A7168B89231069E200500621 /* CALayer+Extension.swift */ = {isa = PBXFileReference; lastKnownFileType = sourcecode.swift; path = "CALayer+Extension.swift"; sourceTree = "<group>"; };
		A7168B8B2310775400500621 /* CustomSearchBarDelegate.swift */ = {isa = PBXFileReference; lastKnownFileType = sourcecode.swift; path = CustomSearchBarDelegate.swift; sourceTree = "<group>"; };
		A7168B8D2310789A00500621 /* SearchViewController+CustomSearchBarDelegate.swift */ = {isa = PBXFileReference; lastKnownFileType = sourcecode.swift; path = "SearchViewController+CustomSearchBarDelegate.swift"; sourceTree = "<group>"; };
		A7168B90231079FB00500621 /* SearchCrewViewController.swift */ = {isa = PBXFileReference; lastKnownFileType = sourcecode.swift; path = SearchCrewViewController.swift; sourceTree = "<group>"; };
		A7168B9223107A0C00500621 /* SearchRunningViewController.swift */ = {isa = PBXFileReference; lastKnownFileType = sourcecode.swift; path = SearchRunningViewController.swift; sourceTree = "<group>"; };
		A71B94B3231AA19F00BCD3E7 /* MapViewDelegate.swift */ = {isa = PBXFileReference; lastKnownFileType = sourcecode.swift; path = MapViewDelegate.swift; sourceTree = "<group>"; };
		A71B94B5231AA25300BCD3E7 /* MapViewController+MapViewDelegate.swift */ = {isa = PBXFileReference; lastKnownFileType = sourcecode.swift; path = "MapViewController+MapViewDelegate.swift"; sourceTree = "<group>"; };
		A71B94B7231AAA5700BCD3E7 /* RunningPoint.swift */ = {isa = PBXFileReference; lastKnownFileType = sourcecode.swift; path = RunningPoint.swift; sourceTree = "<group>"; };
		A71B94B9231B8E4800BCD3E7 /* MapView+MKMapViewDelegate.swift */ = {isa = PBXFileReference; lastKnownFileType = sourcecode.swift; path = "MapView+MKMapViewDelegate.swift"; sourceTree = "<group>"; };
		A71B94BB231B8FD800BCD3E7 /* RunningPointAnnotationView.swift */ = {isa = PBXFileReference; lastKnownFileType = sourcecode.swift; path = RunningPointAnnotationView.swift; sourceTree = "<group>"; };
		A71EC1DD230FB91F00275EA8 /* Date+Extension.swift */ = {isa = PBXFileReference; lastKnownFileType = sourcecode.swift; path = "Date+Extension.swift"; sourceTree = "<group>"; };
		A71EC1DF230FBD0A00275EA8 /* Crew.swift */ = {isa = PBXFileReference; lastKnownFileType = sourcecode.swift; path = Crew.swift; sourceTree = "<group>"; };
		A71EC1E3230FC0D600275EA8 /* CrewView.swift */ = {isa = PBXFileReference; lastKnownFileType = sourcecode.swift; path = CrewView.swift; sourceTree = "<group>"; };
		A71EC1E7230FC6B000275EA8 /* UIStackView+Extension.swift */ = {isa = PBXFileReference; lastKnownFileType = sourcecode.swift; path = "UIStackView+Extension.swift"; sourceTree = "<group>"; };
		A71EC1E9230FCAAC00275EA8 /* UIView+Extension.swift */ = {isa = PBXFileReference; lastKnownFileType = sourcecode.swift; path = "UIView+Extension.swift"; sourceTree = "<group>"; };
		A71EC1EB230FCBCA00275EA8 /* UIFont+Extension.swift */ = {isa = PBXFileReference; lastKnownFileType = sourcecode.swift; path = "UIFont+Extension.swift"; sourceTree = "<group>"; };
		A71EC1ED230FD22C00275EA8 /* PaddingLabel.swift */ = {isa = PBXFileReference; lastKnownFileType = sourcecode.swift; path = PaddingLabel.swift; sourceTree = "<group>"; };
		A71EC1EF230FDAFF00275EA8 /* WriteTableViewCell.swift */ = {isa = PBXFileReference; lastKnownFileType = sourcecode.swift; path = WriteTableViewCell.swift; sourceTree = "<group>"; };
		A71EC1F5230FF23400275EA8 /* RoundedButton.swift */ = {isa = PBXFileReference; lastKnownFileType = sourcecode.swift; path = RoundedButton.swift; sourceTree = "<group>"; };
		A71EC1F7230FF45C00275EA8 /* DatePickerViewController.swift */ = {isa = PBXFileReference; lastKnownFileType = sourcecode.swift; path = DatePickerViewController.swift; sourceTree = "<group>"; };
		A71EC1F8230FF45C00275EA8 /* DatePickerViewController.xib */ = {isa = PBXFileReference; lastKnownFileType = file.xib; path = DatePickerViewController.xib; sourceTree = "<group>"; };
		A71EC1FB230FF77100275EA8 /* DateView.swift */ = {isa = PBXFileReference; lastKnownFileType = sourcecode.swift; path = DateView.swift; sourceTree = "<group>"; };
		A71EC1FE230FF86C00275EA8 /* DateViewDelegate.swift */ = {isa = PBXFileReference; lastKnownFileType = sourcecode.swift; path = DateViewDelegate.swift; sourceTree = "<group>"; };
		A71EC200230FF8CC00275EA8 /* RegisterRunningViewController+DateViewDelegate.swift */ = {isa = PBXFileReference; lastKnownFileType = sourcecode.swift; path = "RegisterRunningViewController+DateViewDelegate.swift"; sourceTree = "<group>"; };
		A71EC202231003E100275EA8 /* DatePickerPresentable.swift */ = {isa = PBXFileReference; lastKnownFileType = sourcecode.swift; path = DatePickerPresentable.swift; sourceTree = "<group>"; };
		A72F015C2311CEAA0044A285 /* SignUpViewController.swift */ = {isa = PBXFileReference; lastKnownFileType = sourcecode.swift; path = SignUpViewController.swift; sourceTree = "<group>"; };
		A72F015F23127C5A0044A285 /* MapViewController.swift */ = {isa = PBXFileReference; lastKnownFileType = sourcecode.swift; path = MapViewController.swift; sourceTree = "<group>"; };
		A72F016123127F3C0044A285 /* Map.storyboard */ = {isa = PBXFileReference; lastKnownFileType = file.storyboard; path = Map.storyboard; sourceTree = "<group>"; };
		A72F0165231439840044A285 /* MapView.swift */ = {isa = PBXFileReference; lastKnownFileType = sourcecode.swift; path = MapView.swift; sourceTree = "<group>"; };
		A72F0167231448E90044A285 /* AnnotationButton.swift */ = {isa = PBXFileReference; lastKnownFileType = sourcecode.swift; path = AnnotationButton.swift; sourceTree = "<group>"; };
		A72F0169231449CC0044A285 /* AnnotationButtonDelegate.swift */ = {isa = PBXFileReference; lastKnownFileType = sourcecode.swift; path = AnnotationButtonDelegate.swift; sourceTree = "<group>"; };
		A742E39722F88ADF002E333C /* Umchan.app */ = {isa = PBXFileReference; explicitFileType = wrapper.application; includeInIndex = 0; path = Umchan.app; sourceTree = BUILT_PRODUCTS_DIR; };
		A742E39A22F88ADF002E333C /* AppDelegate.swift */ = {isa = PBXFileReference; lastKnownFileType = sourcecode.swift; path = AppDelegate.swift; sourceTree = "<group>"; };
		A742E39F22F88ADF002E333C /* Base */ = {isa = PBXFileReference; lastKnownFileType = file.storyboard; name = Base; path = Base.lproj/Main.storyboard; sourceTree = "<group>"; };
		A742E3A122F88AE1002E333C /* Assets.xcassets */ = {isa = PBXFileReference; lastKnownFileType = folder.assetcatalog; path = Assets.xcassets; sourceTree = "<group>"; };
		A742E3A422F88AE1002E333C /* Base */ = {isa = PBXFileReference; lastKnownFileType = file.storyboard; name = Base; path = Base.lproj/LaunchScreen.storyboard; sourceTree = "<group>"; };
		A742E3A622F88AE1002E333C /* Info.plist */ = {isa = PBXFileReference; lastKnownFileType = text.plist.xml; path = Info.plist; sourceTree = "<group>"; };
		A7528B9D2302BBC000A6BEC0 /* Constants.swift */ = {isa = PBXFileReference; lastKnownFileType = sourcecode.swift; name = Constants.swift; path = Utils/Constants.swift; sourceTree = "<group>"; };
		A752FF42232BAB610012D31D /* AuthService.swift */ = {isa = PBXFileReference; lastKnownFileType = sourcecode.swift; path = AuthService.swift; sourceTree = "<group>"; };
		A752FF45232BB2A50012D31D /* Error.swift */ = {isa = PBXFileReference; lastKnownFileType = sourcecode.swift; path = Error.swift; sourceTree = "<group>"; };
		A752FF47232BB7DC0012D31D /* UserDataService.swift */ = {isa = PBXFileReference; lastKnownFileType = sourcecode.swift; path = UserDataService.swift; sourceTree = "<group>"; };
		A76A70F6230D8E9F00B5EA81 /* RegisterRunningViewController.swift */ = {isa = PBXFileReference; lastKnownFileType = sourcecode.swift; path = RegisterRunningViewController.swift; sourceTree = "<group>"; };
		A76A70FA230E923E00B5EA81 /* RunningTableViewCell.swift */ = {isa = PBXFileReference; lastKnownFileType = sourcecode.swift; path = RunningTableViewCell.swift; sourceTree = "<group>"; };
		A76A70FB230E923E00B5EA81 /* RunningTableViewCell.xib */ = {isa = PBXFileReference; lastKnownFileType = file.xib; path = RunningTableViewCell.xib; sourceTree = "<group>"; };
		A76A70FE230E9FB700B5EA81 /* Running.swift */ = {isa = PBXFileReference; lastKnownFileType = sourcecode.swift; path = Running.swift; sourceTree = "<group>"; };
		A76A7100230EA13200B5EA81 /* EmptyTableViewCell.swift */ = {isa = PBXFileReference; lastKnownFileType = sourcecode.swift; path = EmptyTableViewCell.swift; sourceTree = "<group>"; };
		A76A7101230EA13200B5EA81 /* EmptyTableViewCell.xib */ = {isa = PBXFileReference; lastKnownFileType = file.xib; path = EmptyTableViewCell.xib; sourceTree = "<group>"; };
		A787546C232B89F1004EA9E4 /* Keychain.swift */ = {isa = PBXFileReference; lastKnownFileType = sourcecode.swift; path = Keychain.swift; sourceTree = "<group>"; };
		A797A4562323E88500FD2CD5 /* MapView+CalculateRunningCourseDelegate.swift */ = {isa = PBXFileReference; lastKnownFileType = sourcecode.swift; path = "MapView+CalculateRunningCourseDelegate.swift"; sourceTree = "<group>"; };
		A797A4582323FD5100FD2CD5 /* RegisterRunningViewController+MKMapViewDelegate.swift */ = {isa = PBXFileReference; lastKnownFileType = sourcecode.swift; path = "RegisterRunningViewController+MKMapViewDelegate.swift"; sourceTree = "<group>"; };
/* End PBXFileReference section */

/* Begin PBXFrameworksBuildPhase section */
		A742E39422F88ADF002E333C /* Frameworks */ = {
			isa = PBXFrameworksBuildPhase;
			buildActionMask = 2147483647;
			files = (
			);
			runOnlyForDeploymentPostprocessing = 0;
		};
/* End PBXFrameworksBuildPhase section */

/* Begin PBXGroup section */
		A70991ED2303BB4F00AE3ACA /* Utils */ = {
			isa = PBXGroup;
			children = (
				A709921523056DBE00AE3ACA /* Extensions */,
				A709921123056D6000AE3ACA /* NibLodable.swift */,
				A787546C232B89F1004EA9E4 /* Keychain.swift */,
			);
			path = Utils;
			sourceTree = "<group>";
		};
		A70991EE2303BD1200AE3ACA /* Controllers */ = {
			isa = PBXGroup;
			children = (
				A72F015E23127C4D0044A285 /* Map */,
				A70C2A3E2311BDBB002006A3 /* Login+SignUp */,
				A70C2A372311AB53002006A3 /* Profile */,
				A7168B7A2310434800500621 /* Crew */,
				A70C2A2A23119C49002006A3 /* Running */,
				A7168B8F231079E000500621 /* Search */,
				A7168B6F231010FF00500621 /* RunningHistory */,
				A76A70F8230E91EA00B5EA81 /* RegisterRunning */,
				A70992252306ECF500AE3ACA /* Commons */,
				A70992242305770900AE3ACA /* RunningInDistrict */,
				A709920F230558A400AE3ACA /* Main */,
			);
			path = Controllers;
			sourceTree = "<group>";
		};
		A70991F12303BE9000AE3ACA /* Storyboards */ = {
			isa = PBXGroup;
			children = (
				A742E39E22F88ADF002E333C /* Main.storyboard */,
				A70C2A20231174A9002006A3 /* CrewInfo.storyboard */,
				A742E3A322F88AE1002E333C /* LaunchScreen.storyboard */,
				A7099216230570E600AE3ACA /* RegisterRunning.storyboard */,
				A70C2A1C23116432002006A3 /* CreateCrew.storyboard */,
				A70C2A3123119D8C002006A3 /* Running.storyboard */,
				A70C2A332311A7FF002006A3 /* RunningHistory.storyboard */,
				A70C2A382311ACDE002006A3 /* Profile.storyboard */,
				A70C2A3F2311C036002006A3 /* LoginAndSignup.storyboard */,
				A72F016123127F3C0044A285 /* Map.storyboard */,
			);
			path = Storyboards;
			sourceTree = "<group>";
		};
		A70991F22303BEF000AE3ACA /* Views */ = {
			isa = PBXGroup;
			children = (
				A72F0164231439630044A285 /* Common */,
				A72F0163231439540044A285 /* Map */,
				A7168B842310646900500621 /* SearchBar */,
				A71EC1FD230FF85E00275EA8 /* DateView */,
				A76A70F9230E91FE00B5EA81 /* TableViewCell */,
				A76A70B6230829E700B5EA81 /* NavigationBar */,
				A709921F2305741F00AE3ACA /* Button */,
				A7099210230558B100AE3ACA /* DistrictView */,
			);
			path = Views;
			sourceTree = "<group>";
		};
		A70991F32303BEF500AE3ACA /* Model */ = {
			isa = PBXGroup;
			children = (
				A71B94B7231AAA5700BCD3E7 /* RunningPoint.swift */,
				A70992042303F85600AE3ACA /* DistrictCoordinate.swift */,
				A76A70FE230E9FB700B5EA81 /* Running.swift */,
				A71EC1DF230FBD0A00275EA8 /* Crew.swift */,
				A70C2A2823119050002006A3 /* User.swift */,
			);
			path = Model;
			sourceTree = "<group>";
		};
		A70991F62303C1AD00AE3ACA /* Resources */ = {
			isa = PBXGroup;
			children = (
				A70991F72303C1B500AE3ACA /* Font */,
			);
			path = Resources;
			sourceTree = "<group>";
		};
		A70991F72303C1B500AE3ACA /* Font */ = {
			isa = PBXGroup;
			children = (
				A70991F82303C1D200AE3ACA /* NanumSquareOTFBold.otf */,
				A70991F92303C1D200AE3ACA /* NanumSquareOTFExtraBold.otf */,
				A70991FB2303C1D200AE3ACA /* NanumSquareOTFLight.otf */,
				A70991FA2303C1D200AE3ACA /* NanumSquareOTFRight.otf */,
			);
			path = Font;
			sourceTree = "<group>";
		};
		A70992082303FE0000AE3ACA /* Services */ = {
			isa = PBXGroup;
			children = (
				A70992092303FE2100AE3ACA /* DistrictInfoService.swift */,
				A752FF42232BAB610012D31D /* AuthService.swift */,
				A752FF47232BB7DC0012D31D /* UserDataService.swift */,
			);
			path = Services;
			sourceTree = "<group>";
		};
		A709920F230558A400AE3ACA /* Main */ = {
			isa = PBXGroup;
			children = (
				A70991EF2303BD3600AE3ACA /* MainTabBarController.swift */,
				A70991F42303BF3A00AE3ACA /* MainViewController.swift */,
				A709920D2305514A00AE3ACA /* MainViewController+DistrictViewDelegate.swift */,
			);
			path = Main;
			sourceTree = "<group>";
		};
		A7099210230558B100AE3ACA /* DistrictView */ = {
			isa = PBXGroup;
			children = (
				A70992062303FC5000AE3ACA /* DistrictView.swift */,
				A709920B23053DAA00AE3ACA /* DistrictViewDelegate.swift */,
			);
			path = DistrictView;
			sourceTree = "<group>";
		};
		A709921523056DBE00AE3ACA /* Extensions */ = {
			isa = PBXGroup;
			children = (
				A709921323056D9400AE3ACA /* UIStoryBoard+Extension.swift */,
				A709922A2307122F00AE3ACA /* UIViewController+Extension.swift */,
				A71EC1DD230FB91F00275EA8 /* Date+Extension.swift */,
				A71EC1E7230FC6B000275EA8 /* UIStackView+Extension.swift */,
				A71EC1E9230FCAAC00275EA8 /* UIView+Extension.swift */,
				A71EC1EB230FCBCA00275EA8 /* UIFont+Extension.swift */,
				A7168B6B23100C8400500621 /* DateFormatter+Extension.swift */,
				A7168B89231069E200500621 /* CALayer+Extension.swift */,
			);
			path = Extensions;
			sourceTree = "<group>";
		};
		A709921E2305739C00AE3ACA /* Xibs */ = {
			isa = PBXGroup;
			children = (
				A76A7101230EA13200B5EA81 /* EmptyTableViewCell.xib */,
				A7168B7723103E4300500621 /* RunningHistoryListTableViewCell.xib */,
				A76A70FB230E923E00B5EA81 /* RunningTableViewCell.xib */,
				A71EC1F8230FF45C00275EA8 /* DatePickerViewController.xib */,
				A70C2A26231189EA002006A3 /* UserView.xib */,
			);
			path = Xibs;
			sourceTree = "<group>";
		};
		A709921F2305741F00AE3ACA /* Button */ = {
			isa = PBXGroup;
			children = (
				A70992202305743300AE3ACA /* CloseButton.swift */,
				A71EC1F5230FF23400275EA8 /* RoundedButton.swift */,
				A70C2A182311611C002006A3 /* UmchanCreateButtom.swift */,
			);
			path = Button;
			sourceTree = "<group>";
		};
		A70992242305770900AE3ACA /* RunningInDistrict */ = {
			isa = PBXGroup;
			children = (
				A7099222230576C100AE3ACA /* RunningInDistrictViewController.swift */,
			);
			path = RunningInDistrict;
			sourceTree = "<group>";
		};
		A70992252306ECF500AE3ACA /* Commons */ = {
			isa = PBXGroup;
			children = (
				A7168B812310644200500621 /* Search */,
				A7168B6E2310109B00500621 /* DatePicker */,
				A7168B6D2310108100500621 /* Modal */,
			);
			path = Commons;
			sourceTree = "<group>";
		};
		A70C2A2A23119C49002006A3 /* Running */ = {
			isa = PBXGroup;
			children = (
				A70C2A2D23119C7D002006A3 /* RunningViewController.swift */,
			);
			path = Running;
			sourceTree = "<group>";
		};
		A70C2A372311AB53002006A3 /* Profile */ = {
			isa = PBXGroup;
			children = (
				A70C2A3A2311B0F8002006A3 /* ProfileViewController.swift */,
				A70C2A3C2311B363002006A3 /* ModifyProfileViewController.swift */,
			);
			path = Profile;
			sourceTree = "<group>";
		};
		A70C2A3E2311BDBB002006A3 /* Login+SignUp */ = {
			isa = PBXGroup;
			children = (
				A7071B882311C6D200982161 /* LoginViewController.swift */,
				A72F015C2311CEAA0044A285 /* SignUpViewController.swift */,
			);
			path = "Login+SignUp";
			sourceTree = "<group>";
		};
		A7168B6D2310108100500621 /* Modal */ = {
			isa = PBXGroup;
			children = (
				A70992262307105600AE3ACA /* ModalViewController.swift */,
				A70992282307114900AE3ACA /* ModalFirstViewable.swift */,
			);
			path = Modal;
			sourceTree = "<group>";
		};
		A7168B6E2310109B00500621 /* DatePicker */ = {
			isa = PBXGroup;
			children = (
				A71EC1F7230FF45C00275EA8 /* DatePickerViewController.swift */,
				A71EC202231003E100275EA8 /* DatePickerPresentable.swift */,
			);
			path = DatePicker;
			sourceTree = "<group>";
		};
		A7168B6F231010FF00500621 /* RunningHistory */ = {
			isa = PBXGroup;
			children = (
				A7168B702310111900500621 /* RunningHistoryListViewController.swift */,
				A70C2A352311A824002006A3 /* RunningHistoryViewController.swift */,
			);
			path = RunningHistory;
			sourceTree = "<group>";
		};
		A7168B7A2310434800500621 /* Crew */ = {
			isa = PBXGroup;
			children = (
				A7168B7B2310436500500621 /* MyCrewsViewController.swift */,
				A70C2A1A2311640A002006A3 /* CreateCrewViewController.swift */,
				A70C2A1E231171CE002006A3 /* CrewInfoViewController.swift */,
			);
			path = Crew;
			sourceTree = "<group>";
		};
		A7168B812310644200500621 /* Search */ = {
			isa = PBXGroup;
			children = (
				A7168B822310645500500621 /* SearchViewController.swift */,
				A7168B8D2310789A00500621 /* SearchViewController+CustomSearchBarDelegate.swift */,
			);
			path = Search;
			sourceTree = "<group>";
		};
		A7168B842310646900500621 /* SearchBar */ = {
			isa = PBXGroup;
			children = (
				A7168B852310648300500621 /* CustomSearchBar.swift */,
				A7168B8B2310775400500621 /* CustomSearchBarDelegate.swift */,
			);
			path = SearchBar;
			sourceTree = "<group>";
		};
		A7168B8F231079E000500621 /* Search */ = {
			isa = PBXGroup;
			children = (
				A7168B90231079FB00500621 /* SearchCrewViewController.swift */,
				A7168B9223107A0C00500621 /* SearchRunningViewController.swift */,
			);
			path = Search;
			sourceTree = "<group>";
		};
		A71B94BD231B99E500BCD3E7 /* PathSettingMapLibrary */ = {
			isa = PBXGroup;
			children = (
				A72F0167231448E90044A285 /* AnnotationButton.swift */,
				A72F0169231449CC0044A285 /* AnnotationButtonDelegate.swift */,
				A71B94B3231AA19F00BCD3E7 /* MapViewDelegate.swift */,
				A71B94BB231B8FD800BCD3E7 /* RunningPointAnnotationView.swift */,
				A72F0165231439840044A285 /* MapView.swift */,
				A797A4562323E88500FD2CD5 /* MapView+CalculateRunningCourseDelegate.swift */,
				A71B94B9231B8E4800BCD3E7 /* MapView+MKMapViewDelegate.swift */,
			);
			path = PathSettingMapLibrary;
			sourceTree = "<group>";
		};
		A71EC1FD230FF85E00275EA8 /* DateView */ = {
			isa = PBXGroup;
			children = (
				A71EC1FB230FF77100275EA8 /* DateView.swift */,
				A7168B69231006AA00500621 /* DateView+DatePickerPresentable.swift */,
				A71EC1FE230FF86C00275EA8 /* DateViewDelegate.swift */,
			);
			path = DateView;
			sourceTree = "<group>";
		};
		A72F015E23127C4D0044A285 /* Map */ = {
			isa = PBXGroup;
			children = (
				A72F015F23127C5A0044A285 /* MapViewController.swift */,
				A71B94B5231AA25300BCD3E7 /* MapViewController+MapViewDelegate.swift */,
			);
			path = Map;
			sourceTree = "<group>";
		};
		A72F0163231439540044A285 /* Map */ = {
			isa = PBXGroup;
			children = (
				A71B94BD231B99E500BCD3E7 /* PathSettingMapLibrary */,
				A70992002303DF0F00AE3ACA /* SeoulMapView.swift */,
			);
			path = Map;
			sourceTree = "<group>";
		};
		A72F0164231439630044A285 /* Common */ = {
			isa = PBXGroup;
			children = (
				A71EC1E3230FC0D600275EA8 /* CrewView.swift */,
				A71EC1ED230FD22C00275EA8 /* PaddingLabel.swift */,
				A7168B7F23104F8D00500621 /* ScrollableStackView.swift */,
				A70C2A24231189E0002006A3 /* UserView.swift */,
			);
			path = Common;
			sourceTree = "<group>";
		};
		A742E38E22F88ADF002E333C = {
			isa = PBXGroup;
			children = (
				A742E39922F88ADF002E333C /* Umchan */,
				A742E39822F88ADF002E333C /* Products */,
			);
			sourceTree = "<group>";
		};
		A742E39822F88ADF002E333C /* Products */ = {
			isa = PBXGroup;
			children = (
				A742E39722F88ADF002E333C /* Umchan.app */,
			);
			name = Products;
			sourceTree = "<group>";
		};
		A742E39922F88ADF002E333C /* Umchan */ = {
			isa = PBXGroup;
			children = (
				A752FF44232BB29A0012D31D /* Error */,
				A709921E2305739C00AE3ACA /* Xibs */,
				A70992082303FE0000AE3ACA /* Services */,
				A70991F62303C1AD00AE3ACA /* Resources */,
				A70991F32303BEF500AE3ACA /* Model */,
				A70991F22303BEF000AE3ACA /* Views */,
				A70991F12303BE9000AE3ACA /* Storyboards */,
				A70991EE2303BD1200AE3ACA /* Controllers */,
				A70991ED2303BB4F00AE3ACA /* Utils */,
				A742E39A22F88ADF002E333C /* AppDelegate.swift */,
				A7528B9D2302BBC000A6BEC0 /* Constants.swift */,
				A742E3A122F88AE1002E333C /* Assets.xcassets */,
				A742E3A622F88AE1002E333C /* Info.plist */,
			);
			path = Umchan;
			sourceTree = "<group>";
		};
		A752FF44232BB29A0012D31D /* Error */ = {
			isa = PBXGroup;
			children = (
				A752FF45232BB2A50012D31D /* Error.swift */,
			);
			path = Error;
			sourceTree = "<group>";
		};
		A76A70B6230829E700B5EA81 /* NavigationBar */ = {
			isa = PBXGroup;
			children = (
				A70992022303E26500AE3ACA /* CustomNavigationBar.swift */,
				A709922C2307284400AE3ACA /* CustomNavigationBarDelegate.swift */,
			);
			path = NavigationBar;
			sourceTree = "<group>";
		};
		A76A70F8230E91EA00B5EA81 /* RegisterRunning */ = {
			isa = PBXGroup;
			children = (
				A76A70F6230D8E9F00B5EA81 /* RegisterRunningViewController.swift */,
				A71EC200230FF8CC00275EA8 /* RegisterRunningViewController+DateViewDelegate.swift */,
				A797A4582323FD5100FD2CD5 /* RegisterRunningViewController+MKMapViewDelegate.swift */,
			);
			path = RegisterRunning;
			sourceTree = "<group>";
		};
		A76A70F9230E91FE00B5EA81 /* TableViewCell */ = {
			isa = PBXGroup;
			children = (
				A76A70FA230E923E00B5EA81 /* RunningTableViewCell.swift */,
				A76A7100230EA13200B5EA81 /* EmptyTableViewCell.swift */,
				A7168B7623103E4300500621 /* RunningHistoryListTableViewCell.swift */,
				A71EC1EF230FDAFF00275EA8 /* WriteTableViewCell.swift */,
			);
			path = TableViewCell;
			sourceTree = "<group>";
		};
/* End PBXGroup section */

/* Begin PBXNativeTarget section */
		A742E39622F88ADF002E333C /* Umchan */ = {
			isa = PBXNativeTarget;
			buildConfigurationList = A742E3A922F88AE1002E333C /* Build configuration list for PBXNativeTarget "Umchan" */;
			buildPhases = (
				A742E39322F88ADF002E333C /* Sources */,
				A742E39422F88ADF002E333C /* Frameworks */,
				A742E39522F88ADF002E333C /* Resources */,
			);
			buildRules = (
			);
			dependencies = (
			);
			name = Umchan;
			productName = Umchan;
			productReference = A742E39722F88ADF002E333C /* Umchan.app */;
			productType = "com.apple.product-type.application";
		};
/* End PBXNativeTarget section */

/* Begin PBXProject section */
		A742E38F22F88ADF002E333C /* Project object */ = {
			isa = PBXProject;
			attributes = {
				LastSwiftUpdateCheck = 1020;
				LastUpgradeCheck = 1020;
				ORGANIZATIONNAME = JSYuk;
				TargetAttributes = {
					A742E39622F88ADF002E333C = {
						CreatedOnToolsVersion = 10.2.1;
					};
				};
			};
			buildConfigurationList = A742E39222F88ADF002E333C /* Build configuration list for PBXProject "Umchan" */;
			compatibilityVersion = "Xcode 9.3";
			developmentRegion = en;
			hasScannedForEncodings = 0;
			knownRegions = (
				en,
				Base,
			);
			mainGroup = A742E38E22F88ADF002E333C;
			productRefGroup = A742E39822F88ADF002E333C /* Products */;
			projectDirPath = "";
			projectRoot = "";
			targets = (
				A742E39622F88ADF002E333C /* Umchan */,
			);
		};
/* End PBXProject section */

/* Begin PBXResourcesBuildPhase section */
		A742E39522F88ADF002E333C /* Resources */ = {
			isa = PBXResourcesBuildPhase;
			buildActionMask = 2147483647;
			files = (
				A7099217230570E600AE3ACA /* RegisterRunning.storyboard in Resources */,
				A76A7103230EA13200B5EA81 /* EmptyTableViewCell.xib in Resources */,
				A742E3A522F88AE1002E333C /* LaunchScreen.storyboard in Resources */,
				A70C2A1D23116432002006A3 /* CreateCrew.storyboard in Resources */,
				A70991FF2303C1DA00AE3ACA /* NanumSquareOTFRight.otf in Resources */,
				A70C2A402311C036002006A3 /* LoginAndSignup.storyboard in Resources */,
				A70991FE2303C1DA00AE3ACA /* NanumSquareOTFLight.otf in Resources */,
				A72F016223127F3C0044A285 /* Map.storyboard in Resources */,
				A70C2A392311ACDE002006A3 /* Profile.storyboard in Resources */,
				A71EC1FA230FF45C00275EA8 /* DatePickerViewController.xib in Resources */,
				A70C2A3223119D8C002006A3 /* Running.storyboard in Resources */,
				A7168B7923103E4300500621 /* RunningHistoryListTableViewCell.xib in Resources */,
				A70C2A342311A7FF002006A3 /* RunningHistory.storyboard in Resources */,
				A742E3A222F88AE1002E333C /* Assets.xcassets in Resources */,
				A70C2A27231189EA002006A3 /* UserView.xib in Resources */,
				A76A70FD230E923E00B5EA81 /* RunningTableViewCell.xib in Resources */,
				A742E3A022F88ADF002E333C /* Main.storyboard in Resources */,
				A70C2A21231174A9002006A3 /* CrewInfo.storyboard in Resources */,
				A70991FD2303C1DA00AE3ACA /* NanumSquareOTFExtraBold.otf in Resources */,
				A70991FC2303C1DA00AE3ACA /* NanumSquareOTFBold.otf in Resources */,
			);
			runOnlyForDeploymentPostprocessing = 0;
		};
/* End PBXResourcesBuildPhase section */

/* Begin PBXSourcesBuildPhase section */
		A742E39322F88ADF002E333C /* Sources */ = {
			isa = PBXSourcesBuildPhase;
			buildActionMask = 2147483647;
			files = (
				A7168B8E2310789A00500621 /* SearchViewController+CustomSearchBarDelegate.swift in Sources */,
				A71EC1DE230FB91F00275EA8 /* Date+Extension.swift in Sources */,
				A7168B7823103E4300500621 /* RunningHistoryListTableViewCell.swift in Sources */,
				A72F016A231449CC0044A285 /* AnnotationButtonDelegate.swift in Sources */,
				A71B94B8231AAA5700BCD3E7 /* RunningPoint.swift in Sources */,
				A7168B862310648300500621 /* CustomSearchBar.swift in Sources */,
				A76A70F7230D8E9F00B5EA81 /* RegisterRunningViewController.swift in Sources */,
				A709922B2307122F00AE3ACA /* UIViewController+Extension.swift in Sources */,
				A71B94BA231B8E4800BCD3E7 /* MapView+MKMapViewDelegate.swift in Sources */,
				A7168B712310111900500621 /* RunningHistoryListViewController.swift in Sources */,
				A70C2A2F23119C7D002006A3 /* RunningViewController.swift in Sources */,
				A7168B9323107A0C00500621 /* SearchRunningViewController.swift in Sources */,
				A797A4572323E88500FD2CD5 /* MapView+CalculateRunningCourseDelegate.swift in Sources */,
				A70992272307105600AE3ACA /* ModalViewController.swift in Sources */,
				A71EC203231003E100275EA8 /* DatePickerPresentable.swift in Sources */,
				A70C2A362311A824002006A3 /* RunningHistoryViewController.swift in Sources */,
				A70C2A3D2311B363002006A3 /* ModifyProfileViewController.swift in Sources */,
				A72F016023127C5A0044A285 /* MapViewController.swift in Sources */,
				A70992012303DF0F00AE3ACA /* SeoulMapView.swift in Sources */,
				A70C2A3B2311B0F8002006A3 /* ProfileViewController.swift in Sources */,
				A71EC1E8230FC6B000275EA8 /* UIStackView+Extension.swift in Sources */,
				A72F015D2311CEAA0044A285 /* SignUpViewController.swift in Sources */,
				A71EC1EE230FD22C00275EA8 /* PaddingLabel.swift in Sources */,
				A70991F02303BD3600AE3ACA /* MainTabBarController.swift in Sources */,
				A7168B91231079FB00500621 /* SearchCrewViewController.swift in Sources */,
				A71B94B6231AA25300BCD3E7 /* MapViewController+MapViewDelegate.swift in Sources */,
				A76A7102230EA13200B5EA81 /* EmptyTableViewCell.swift in Sources */,
				A76A70FC230E923E00B5EA81 /* RunningTableViewCell.swift in Sources */,
				A709922D2307284400AE3ACA /* CustomNavigationBarDelegate.swift in Sources */,
				A742E39B22F88ADF002E333C /* AppDelegate.swift in Sources */,
				A7528B9E2302BBC000A6BEC0 /* Constants.swift in Sources */,
				A7071B892311C6D200982161 /* LoginViewController.swift in Sources */,
				A7168B6A231006AA00500621 /* DateView+DatePickerPresentable.swift in Sources */,
				A70992072303FC5000AE3ACA /* DistrictView.swift in Sources */,
				A76A70FF230E9FB700B5EA81 /* Running.swift in Sources */,
				A71EC1E4230FC0D600275EA8 /* CrewView.swift in Sources */,
				A7168B8023104F8D00500621 /* ScrollableStackView.swift in Sources */,
				A71EC1FC230FF77100275EA8 /* DateView.swift in Sources */,
				A72F0166231439840044A285 /* MapView.swift in Sources */,
				A70C2A25231189E0002006A3 /* UserView.swift in Sources */,
				A71B94B4231AA19F00BCD3E7 /* MapViewDelegate.swift in Sources */,
				A70991F52303BF3A00AE3ACA /* MainViewController.swift in Sources */,
				A752FF48232BB7DC0012D31D /* UserDataService.swift in Sources */,
				A71EC1E0230FBD0A00275EA8 /* Crew.swift in Sources */,
				A71EC1F1230FDAFF00275EA8 /* WriteTableViewCell.swift in Sources */,
				A70C2A192311611C002006A3 /* UmchanCreateButtom.swift in Sources */,
				A709921223056D6000AE3ACA /* NibLodable.swift in Sources */,
				A709920C23053DAA00AE3ACA /* DistrictViewDelegate.swift in Sources */,
				A709921423056D9400AE3ACA /* UIStoryBoard+Extension.swift in Sources */,
				A70992292307114900AE3ACA /* ModalFirstViewable.swift in Sources */,
				A7168B832310645500500621 /* SearchViewController.swift in Sources */,
				A71EC1EC230FCBCA00275EA8 /* UIFont+Extension.swift in Sources */,
				A71EC1F6230FF23400275EA8 /* RoundedButton.swift in Sources */,
				A787546D232B89F1004EA9E4 /* Keychain.swift in Sources */,
				A70992032303E26500AE3ACA /* CustomNavigationBar.swift in Sources */,
				A70C2A1F231171CE002006A3 /* CrewInfoViewController.swift in Sources */,
				A71EC201230FF8CC00275EA8 /* RegisterRunningViewController+DateViewDelegate.swift in Sources */,
				A71EC1F9230FF45C00275EA8 /* DatePickerViewController.swift in Sources */,
				A71EC1EA230FCAAC00275EA8 /* UIView+Extension.swift in Sources */,
				A70992052303F85600AE3ACA /* DistrictCoordinate.swift in Sources */,
				A7168B7C2310436500500621 /* MyCrewsViewController.swift in Sources */,
				A70C2A1B2311640A002006A3 /* CreateCrewViewController.swift in Sources */,
				A709920A2303FE2100AE3ACA /* DistrictInfoService.swift in Sources */,
				A7168B8C2310775400500621 /* CustomSearchBarDelegate.swift in Sources */,
				A7099223230576C100AE3ACA /* RunningInDistrictViewController.swift in Sources */,
				A71B94BC231B8FD800BCD3E7 /* RunningPointAnnotationView.swift in Sources */,
				A72F0168231448E90044A285 /* AnnotationButton.swift in Sources */,
				A70992212305743300AE3ACA /* CloseButton.swift in Sources */,
				A752FF43232BAB610012D31D /* AuthService.swift in Sources */,
				A709920E2305514A00AE3ACA /* MainViewController+DistrictViewDelegate.swift in Sources */,
				A71EC1FF230FF86C00275EA8 /* DateViewDelegate.swift in Sources */,
				A797A4592323FD5100FD2CD5 /* RegisterRunningViewController+MKMapViewDelegate.swift in Sources */,
				A7168B8A231069E200500621 /* CALayer+Extension.swift in Sources */,
				A7168B6C23100C8400500621 /* DateFormatter+Extension.swift in Sources */,
				A752FF46232BB2A50012D31D /* Error.swift in Sources */,
				A70C2A2923119050002006A3 /* User.swift in Sources */,
			);
			runOnlyForDeploymentPostprocessing = 0;
		};
/* End PBXSourcesBuildPhase section */

/* Begin PBXVariantGroup section */
		A742E39E22F88ADF002E333C /* Main.storyboard */ = {
			isa = PBXVariantGroup;
			children = (
				A742E39F22F88ADF002E333C /* Base */,
			);
			name = Main.storyboard;
			sourceTree = "<group>";
		};
		A742E3A322F88AE1002E333C /* LaunchScreen.storyboard */ = {
			isa = PBXVariantGroup;
			children = (
				A742E3A422F88AE1002E333C /* Base */,
			);
			name = LaunchScreen.storyboard;
			sourceTree = "<group>";
		};
/* End PBXVariantGroup section */

/* Begin XCBuildConfiguration section */
		A742E3A722F88AE1002E333C /* Debug */ = {
			isa = XCBuildConfiguration;
			buildSettings = {
				ALWAYS_SEARCH_USER_PATHS = NO;
				CLANG_ANALYZER_NONNULL = YES;
				CLANG_ANALYZER_NUMBER_OBJECT_CONVERSION = YES_AGGRESSIVE;
				CLANG_CXX_LANGUAGE_STANDARD = "gnu++14";
				CLANG_CXX_LIBRARY = "libc++";
				CLANG_ENABLE_MODULES = YES;
				CLANG_ENABLE_OBJC_ARC = YES;
				CLANG_ENABLE_OBJC_WEAK = YES;
				CLANG_WARN_BLOCK_CAPTURE_AUTORELEASING = YES;
				CLANG_WARN_BOOL_CONVERSION = YES;
				CLANG_WARN_COMMA = YES;
				CLANG_WARN_CONSTANT_CONVERSION = YES;
				CLANG_WARN_DEPRECATED_OBJC_IMPLEMENTATIONS = YES;
				CLANG_WARN_DIRECT_OBJC_ISA_USAGE = YES_ERROR;
				CLANG_WARN_DOCUMENTATION_COMMENTS = YES;
				CLANG_WARN_EMPTY_BODY = YES;
				CLANG_WARN_ENUM_CONVERSION = YES;
				CLANG_WARN_INFINITE_RECURSION = YES;
				CLANG_WARN_INT_CONVERSION = YES;
				CLANG_WARN_NON_LITERAL_NULL_CONVERSION = YES;
				CLANG_WARN_OBJC_IMPLICIT_RETAIN_SELF = YES;
				CLANG_WARN_OBJC_LITERAL_CONVERSION = YES;
				CLANG_WARN_OBJC_ROOT_CLASS = YES_ERROR;
				CLANG_WARN_RANGE_LOOP_ANALYSIS = YES;
				CLANG_WARN_STRICT_PROTOTYPES = YES;
				CLANG_WARN_SUSPICIOUS_MOVE = YES;
				CLANG_WARN_UNGUARDED_AVAILABILITY = YES_AGGRESSIVE;
				CLANG_WARN_UNREACHABLE_CODE = YES;
				CLANG_WARN__DUPLICATE_METHOD_MATCH = YES;
				CODE_SIGN_IDENTITY = "iPhone Developer";
				COPY_PHASE_STRIP = NO;
				DEBUG_INFORMATION_FORMAT = dwarf;
				ENABLE_STRICT_OBJC_MSGSEND = YES;
				ENABLE_TESTABILITY = YES;
				GCC_C_LANGUAGE_STANDARD = gnu11;
				GCC_DYNAMIC_NO_PIC = NO;
				GCC_NO_COMMON_BLOCKS = YES;
				GCC_OPTIMIZATION_LEVEL = 0;
				GCC_PREPROCESSOR_DEFINITIONS = (
					"DEBUG=1",
					"$(inherited)",
				);
				GCC_WARN_64_TO_32_BIT_CONVERSION = YES;
				GCC_WARN_ABOUT_RETURN_TYPE = YES_ERROR;
				GCC_WARN_UNDECLARED_SELECTOR = YES;
				GCC_WARN_UNINITIALIZED_AUTOS = YES_AGGRESSIVE;
				GCC_WARN_UNUSED_FUNCTION = YES;
				GCC_WARN_UNUSED_VARIABLE = YES;
				IPHONEOS_DEPLOYMENT_TARGET = 11.0;
				MTL_ENABLE_DEBUG_INFO = INCLUDE_SOURCE;
				MTL_FAST_MATH = YES;
				ONLY_ACTIVE_ARCH = YES;
				SDKROOT = iphoneos;
				SWIFT_ACTIVE_COMPILATION_CONDITIONS = DEBUG;
				SWIFT_OPTIMIZATION_LEVEL = "-Onone";
				SWIFT_VERSION = 5.0;
			};
			name = Debug;
		};
		A742E3A822F88AE1002E333C /* Release */ = {
			isa = XCBuildConfiguration;
			buildSettings = {
				ALWAYS_SEARCH_USER_PATHS = NO;
				CLANG_ANALYZER_NONNULL = YES;
				CLANG_ANALYZER_NUMBER_OBJECT_CONVERSION = YES_AGGRESSIVE;
				CLANG_CXX_LANGUAGE_STANDARD = "gnu++14";
				CLANG_CXX_LIBRARY = "libc++";
				CLANG_ENABLE_MODULES = YES;
				CLANG_ENABLE_OBJC_ARC = YES;
				CLANG_ENABLE_OBJC_WEAK = YES;
				CLANG_WARN_BLOCK_CAPTURE_AUTORELEASING = YES;
				CLANG_WARN_BOOL_CONVERSION = YES;
				CLANG_WARN_COMMA = YES;
				CLANG_WARN_CONSTANT_CONVERSION = YES;
				CLANG_WARN_DEPRECATED_OBJC_IMPLEMENTATIONS = YES;
				CLANG_WARN_DIRECT_OBJC_ISA_USAGE = YES_ERROR;
				CLANG_WARN_DOCUMENTATION_COMMENTS = YES;
				CLANG_WARN_EMPTY_BODY = YES;
				CLANG_WARN_ENUM_CONVERSION = YES;
				CLANG_WARN_INFINITE_RECURSION = YES;
				CLANG_WARN_INT_CONVERSION = YES;
				CLANG_WARN_NON_LITERAL_NULL_CONVERSION = YES;
				CLANG_WARN_OBJC_IMPLICIT_RETAIN_SELF = YES;
				CLANG_WARN_OBJC_LITERAL_CONVERSION = YES;
				CLANG_WARN_OBJC_ROOT_CLASS = YES_ERROR;
				CLANG_WARN_RANGE_LOOP_ANALYSIS = YES;
				CLANG_WARN_STRICT_PROTOTYPES = YES;
				CLANG_WARN_SUSPICIOUS_MOVE = YES;
				CLANG_WARN_UNGUARDED_AVAILABILITY = YES_AGGRESSIVE;
				CLANG_WARN_UNREACHABLE_CODE = YES;
				CLANG_WARN__DUPLICATE_METHOD_MATCH = YES;
				CODE_SIGN_IDENTITY = "iPhone Developer";
				COPY_PHASE_STRIP = NO;
				DEBUG_INFORMATION_FORMAT = "dwarf-with-dsym";
				ENABLE_NS_ASSERTIONS = NO;
				ENABLE_STRICT_OBJC_MSGSEND = YES;
				GCC_C_LANGUAGE_STANDARD = gnu11;
				GCC_NO_COMMON_BLOCKS = YES;
				GCC_WARN_64_TO_32_BIT_CONVERSION = YES;
				GCC_WARN_ABOUT_RETURN_TYPE = YES_ERROR;
				GCC_WARN_UNDECLARED_SELECTOR = YES;
				GCC_WARN_UNINITIALIZED_AUTOS = YES_AGGRESSIVE;
				GCC_WARN_UNUSED_FUNCTION = YES;
				GCC_WARN_UNUSED_VARIABLE = YES;
				IPHONEOS_DEPLOYMENT_TARGET = 11.0;
				MTL_ENABLE_DEBUG_INFO = NO;
				MTL_FAST_MATH = YES;
				SDKROOT = iphoneos;
				SWIFT_COMPILATION_MODE = wholemodule;
				SWIFT_OPTIMIZATION_LEVEL = "-O";
				SWIFT_VERSION = 5.0;
				VALIDATE_PRODUCT = YES;
			};
			name = Release;
		};
		A742E3AA22F88AE1002E333C /* Debug */ = {
			isa = XCBuildConfiguration;
			buildSettings = {
				ASSETCATALOG_COMPILER_APPICON_NAME = AppIcon;
				CODE_SIGN_STYLE = Automatic;
				DEVELOPMENT_TEAM = 5572FD66V9;
				INFOPLIST_FILE = Umchan/Info.plist;
				IPHONEOS_DEPLOYMENT_TARGET = 11.0;
				LD_RUNPATH_SEARCH_PATHS = (
					"$(inherited)",
					"@executable_path/Frameworks",
				);
				PRODUCT_BUNDLE_IDENTIFIER = com.jsyuk.Umchan;
				PRODUCT_NAME = "$(TARGET_NAME)";
				SWIFT_VERSION = 5.0;
				TARGETED_DEVICE_FAMILY = "1,2";
			};
			name = Debug;
		};
		A742E3AB22F88AE1002E333C /* Release */ = {
			isa = XCBuildConfiguration;
			buildSettings = {
				ASSETCATALOG_COMPILER_APPICON_NAME = AppIcon;
				CODE_SIGN_STYLE = Automatic;
				DEVELOPMENT_TEAM = 5572FD66V9;
				INFOPLIST_FILE = Umchan/Info.plist;
				IPHONEOS_DEPLOYMENT_TARGET = 11.0;
				LD_RUNPATH_SEARCH_PATHS = (
					"$(inherited)",
					"@executable_path/Frameworks",
				);
				PRODUCT_BUNDLE_IDENTIFIER = com.jsyuk.Umchan;
				PRODUCT_NAME = "$(TARGET_NAME)";
				SWIFT_VERSION = 5.0;
				TARGETED_DEVICE_FAMILY = "1,2";
			};
			name = Release;
		};
/* End XCBuildConfiguration section */

/* Begin XCConfigurationList section */
		A742E39222F88ADF002E333C /* Build configuration list for PBXProject "Umchan" */ = {
			isa = XCConfigurationList;
			buildConfigurations = (
				A742E3A722F88AE1002E333C /* Debug */,
				A742E3A822F88AE1002E333C /* Release */,
			);
			defaultConfigurationIsVisible = 0;
			defaultConfigurationName = Release;
		};
		A742E3A922F88AE1002E333C /* Build configuration list for PBXNativeTarget "Umchan" */ = {
			isa = XCConfigurationList;
			buildConfigurations = (
				A742E3AA22F88AE1002E333C /* Debug */,
				A742E3AB22F88AE1002E333C /* Release */,
			);
			defaultConfigurationIsVisible = 0;
			defaultConfigurationName = Release;
		};
/* End XCConfigurationList section */
	};
	rootObject = A742E38F22F88ADF002E333C /* Project object */;
}
